
Microsoft Visual Studio Solution File, Format Version 12.00
# Visual Studio Express 2012 for Windows Desktop
Project("{FAE04EC0-301F-11D3-BF4B-00C04F79EFBC}") = "Chapter8Prog19", "Chapter8Prog19\Chapter8Prog19.csproj", "{9FB412A0-82DE-4476-B38E-25A14850EB95}"
EndProject
Global
	GlobalSection(SolutionConfigurationPlatforms) = preSolution
		Debug|Any CPU = Debug|Any CPU
		Release|Any CPU = Release|Any CPU
	EndGlobalSection
	GlobalSection(ProjectConfigurationPlatforms) = postSolution
		{9FB412A0-82DE-4476-B38E-25A14850EB95}.Debug|Any CPU.ActiveCfg = Debug|Any CPU
		{9FB412A0-82DE-4476-B38E-25A14850EB95}.Debug|Any CPU.Build.0 = Debug|Any CPU
		{9FB412A0-82DE-4476-B38E-25A14850EB95}.Release|Any CPU.ActiveCfg = Release|Any CPU
		{9FB412A0-82DE-4476-B38E-25A14850EB95}.Release|Any CPU.Build.0 = Release|Any CPU
	EndGlobalSection
	GlobalSection(SolutionProperties) = preSolution
		HideSolutionNode = FALSE
	EndGlobalSection
EndGlobal
