
Microsoft Visual Studio Solution File, Format Version 12.00
# Visual Studio Express 2012 for Windows Desktop
Project("{FAE04EC0-301F-11D3-BF4B-00C04F79EFBC}") = "Chapter10Example", "Chapter10Example\Chapter10Example.csproj", "{93FF6903-AD2B-4A03-BF7F-C35028E4BF6A}"
EndProject
Global
	GlobalSection(SolutionConfigurationPlatforms) = preSolution
		Debug|Any CPU = Debug|Any CPU
		Release|Any CPU = Release|Any CPU
	EndGlobalSection
	GlobalSection(ProjectConfigurationPlatforms) = postSolution
		{93FF6903-AD2B-4A03-BF7F-C35028E4BF6A}.Debug|Any CPU.ActiveCfg = Debug|Any CPU
		{93FF6903-AD2B-4A03-BF7F-C35028E4BF6A}.Debug|Any CPU.Build.0 = Debug|Any CPU
		{93FF6903-AD2B-4A03-BF7F-C35028E4BF6A}.Release|Any CPU.ActiveCfg = Release|Any CPU
		{93FF6903-AD2B-4A03-BF7F-C35028E4BF6A}.Release|Any CPU.Build.0 = Release|Any CPU
	EndGlobalSection
	GlobalSection(SolutionProperties) = preSolution
		HideSolutionNode = FALSE
	EndGlobalSection
EndGlobal
