
Microsoft Visual Studio Solution File, Format Version 12.00
# Visual Studio Express 2012 for Windows Desktop
Project("{FAE04EC0-301F-11D3-BF4B-00C04F79EFBC}") = "VC_Net2_Ch16_Prog5", "VC_Net2_Ch16_Prog5\VC_Net2_Ch16_Prog5.csproj", "{641BAB98-4332-4CEC-A5D2-3730812429C8}"
EndProject
Global
	GlobalSection(SolutionConfigurationPlatforms) = preSolution
		Debug|Any CPU = Debug|Any CPU
		Release|Any CPU = Release|Any CPU
	EndGlobalSection
	GlobalSection(ProjectConfigurationPlatforms) = postSolution
		{641BAB98-4332-4CEC-A5D2-3730812429C8}.Debug|Any CPU.ActiveCfg = Debug|Any CPU
		{641BAB98-4332-4CEC-A5D2-3730812429C8}.Debug|Any CPU.Build.0 = Debug|Any CPU
		{641BAB98-4332-4CEC-A5D2-3730812429C8}.Release|Any CPU.ActiveCfg = Release|Any CPU
		{641BAB98-4332-4CEC-A5D2-3730812429C8}.Release|Any CPU.Build.0 = Release|Any CPU
	EndGlobalSection
	GlobalSection(SolutionProperties) = preSolution
		HideSolutionNode = FALSE
	EndGlobalSection
EndGlobal
