
Microsoft Visual Studio Solution File, Format Version 12.00
# Visual Studio Express 2012 for Windows Desktop
Project("{FAE04EC0-301F-11D3-BF4B-00C04F79EFBC}") = "FormatExceptions", "FormatExceptions\FormatExceptions.csproj", "{423E9C80-8414-4455-A9EF-4C4461FFED1B}"
EndProject
Global
	GlobalSection(SolutionConfigurationPlatforms) = preSolution
		Debug|Any CPU = Debug|Any CPU
		Release|Any CPU = Release|Any CPU
	EndGlobalSection
	GlobalSection(ProjectConfigurationPlatforms) = postSolution
		{423E9C80-8414-4455-A9EF-4C4461FFED1B}.Debug|Any CPU.ActiveCfg = Debug|Any CPU
		{423E9C80-8414-4455-A9EF-4C4461FFED1B}.Debug|Any CPU.Build.0 = Debug|Any CPU
		{423E9C80-8414-4455-A9EF-4C4461FFED1B}.Release|Any CPU.ActiveCfg = Release|Any CPU
		{423E9C80-8414-4455-A9EF-4C4461FFED1B}.Release|Any CPU.Build.0 = Release|Any CPU
	EndGlobalSection
	GlobalSection(SolutionProperties) = preSolution
		HideSolutionNode = FALSE
	EndGlobalSection
EndGlobal
